
Microsoft Visual Studio Solution File, Format Version 12.00
# Visual Studio 14
VisualStudioVersion = 14.0.23107.0
MinimumVisualStudioVersion = 10.0.40219.1
Project("{FAE04EC0-301F-11D3-BF4B-00C04F79EFBC}") = "PPKWU4", "PPKWU4\PPKWU4.csproj", "{2806EC71-B833-4502-A8E1-DE0DE6648630}"
EndProject
Project("{FAE04EC0-301F-11D3-BF4B-00C04F79EFBC}") = "Biblioteka1", "Biblioteka1\Biblioteka1.csproj", "{1BFB0882-437D-4F38-BCE7-6C2BE2CA74C5}"
EndProject
Global
	GlobalSection(SolutionConfigurationPlatforms) = preSolution
		Debug|Any CPU = Debug|Any CPU
		Release|Any CPU = Release|Any CPU
	EndGlobalSection
	GlobalSection(ProjectConfigurationPlatforms) = postSolution
		{2806EC71-B833-4502-A8E1-DE0DE6648630}.Debug|Any CPU.ActiveCfg = Debug|Any CPU
		{2806EC71-B833-4502-A8E1-DE0DE6648630}.Debug|Any CPU.Build.0 = Debug|Any CPU
		{2806EC71-B833-4502-A8E1-DE0DE6648630}.Release|Any CPU.ActiveCfg = Release|Any CPU
		{2806EC71-B833-4502-A8E1-DE0DE6648630}.Release|Any CPU.Build.0 = Release|Any CPU
		{1BFB0882-437D-4F38-BCE7-6C2BE2CA74C5}.Debug|Any CPU.ActiveCfg = Debug|Any CPU
		{1BFB0882-437D-4F38-BCE7-6C2BE2CA74C5}.Debug|Any CPU.Build.0 = Debug|Any CPU
		{1BFB0882-437D-4F38-BCE7-6C2BE2CA74C5}.Release|Any CPU.ActiveCfg = Release|Any CPU
		{1BFB0882-437D-4F38-BCE7-6C2BE2CA74C5}.Release|Any CPU.Build.0 = Release|Any CPU
	EndGlobalSection
	GlobalSection(SolutionProperties) = preSolution
		HideSolutionNode = FALSE
	EndGlobalSection
EndGlobal
